
Microsoft Visual Studio Solution File, Format Version 12.00
# Visual Studio Version 16
VisualStudioVersion = 16.0.31005.135
MinimumVisualStudioVersion = 10.0.40219.1
Project("{FAE04EC0-301F-11D3-BF4B-00C04F79EFBC}") = "MVCFirstRun", "MVCFirstRun\MVCFirstRun.csproj", "{43930A22-7623-4856-9B50-8578E10EDC12}"
EndProject
Global
	GlobalSection(SolutionConfigurationPlatforms) = preSolution
		Debug|Any CPU = Debug|Any CPU
		Release|Any CPU = Release|Any CPU
	EndGlobalSection
	GlobalSection(ProjectConfigurationPlatforms) = postSolution
		{43930A22-7623-4856-9B50-8578E10EDC12}.Debug|Any CPU.ActiveCfg = Debug|Any CPU
		{43930A22-7623-4856-9B50-8578E10EDC12}.Debug|Any CPU.Build.0 = Debug|Any CPU
		{43930A22-7623-4856-9B50-8578E10EDC12}.Release|Any CPU.ActiveCfg = Release|Any CPU
		{43930A22-7623-4856-9B50-8578E10EDC12}.Release|Any CPU.Build.0 = Release|Any CPU
	EndGlobalSection
	GlobalSection(SolutionProperties) = preSolution
		HideSolutionNode = FALSE
	EndGlobalSection
	GlobalSection(ExtensibilityGlobals) = postSolution
		SolutionGuid = {984E063A-9E24-4CE7-8FA4-E8A6EFF99EC2}
	EndGlobalSection
EndGlobal
